
Microsoft Visual Studio Solution File, Format Version 12.00
# Visual Studio Version 17
VisualStudioVersion = 17.14.36603.0 d17.14
MinimumVisualStudioVersion = 10.0.40219.1
Project("{FAE04EC0-301F-11D3-BF4B-00C04F79EFBC}") = "WAPP Assignment", "WAPP Assignment\WAPP Assignment.csproj", "{EA627A64-8196-4880-B966-99BC8F79FE4B}"
EndProject
Global
	GlobalSection(SolutionConfigurationPlatforms) = preSolution
		Debug|Any CPU = Debug|Any CPU
		Release|Any CPU = Release|Any CPU
	EndGlobalSection
	GlobalSection(ProjectConfigurationPlatforms) = postSolution
		{EA627A64-8196-4880-B966-99BC8F79FE4B}.Debug|Any CPU.ActiveCfg = Debug|Any CPU
		{EA627A64-8196-4880-B966-99BC8F79FE4B}.Debug|Any CPU.Build.0 = Debug|Any CPU
		{EA627A64-8196-4880-B966-99BC8F79FE4B}.Release|Any CPU.ActiveCfg = Release|Any CPU
		{EA627A64-8196-4880-B966-99BC8F79FE4B}.Release|Any CPU.Build.0 = Release|Any CPU
	EndGlobalSection
	GlobalSection(SolutionProperties) = preSolution
		HideSolutionNode = FALSE
	EndGlobalSection
	GlobalSection(ExtensibilityGlobals) = postSolution
		SolutionGuid = {0D88BBE3-861E-4C72-A39A-A8C0F1639D34}
	EndGlobalSection
EndGlobal
